// !$*UTF8*$!
{
	archiveVersion = 1;
	classes = {
	};
	objectVersion = 50;
	objects = {

/* Begin PBXBuildFile section */
		086838BA24AA606F00DD61CE /* AppDelegate.swift in Sources */ = {isa = PBXBuildFile; fileRef = 086838B924AA606F00DD61CE /* AppDelegate.swift */; };
		086838BC24AA606F00DD61CE /* SceneDelegate.swift in Sources */ = {isa = PBXBuildFile; fileRef = 086838BB24AA606F00DD61CE /* SceneDelegate.swift */; };
		086838C124AA606F00DD61CE /* Main.storyboard in Resources */ = {isa = PBXBuildFile; fileRef = 086838BF24AA606F00DD61CE /* Main.storyboard */; };
		086838C424AA606F00DD61CE /* BookShelf.xcdatamodeld in Sources */ = {isa = PBXBuildFile; fileRef = 086838C224AA606F00DD61CE /* BookShelf.xcdatamodeld */; };
		086838C624AA607200DD61CE /* Assets.xcassets in Resources */ = {isa = PBXBuildFile; fileRef = 086838C524AA607200DD61CE /* Assets.xcassets */; };
		086838C924AA607200DD61CE /* LaunchScreen.storyboard in Resources */ = {isa = PBXBuildFile; fileRef = 086838C724AA607200DD61CE /* LaunchScreen.storyboard */; };
		086838D124ABB05400DD61CE /* BooksTableViewController.swift in Sources */ = {isa = PBXBuildFile; fileRef = 086838D024ABB05400DD61CE /* BooksTableViewController.swift */; };
		08FD346324AC8B3E005EF0F0 /* Book.swift in Sources */ = {isa = PBXBuildFile; fileRef = 08FD346224AC8B3E005EF0F0 /* Book.swift */; };
		08FD346624AC9A86005EF0F0 /* BookTableViewCell.swift in Sources */ = {isa = PBXBuildFile; fileRef = 08FD346424AC9A86005EF0F0 /* BookTableViewCell.swift */; };
		08FD346724AC9A86005EF0F0 /* BookTableViewCell.xib in Resources */ = {isa = PBXBuildFile; fileRef = 08FD346524AC9A86005EF0F0 /* BookTableViewCell.xib */; };
		08FD346C24AC9FD9005EF0F0 /* DetailViewController.swift in Sources */ = {isa = PBXBuildFile; fileRef = 08FD346B24AC9FD9005EF0F0 /* DetailViewController.swift */; };
		08FD346E24ACAE13005EF0F0 /* AddBookTableViewController.swift in Sources */ = {isa = PBXBuildFile; fileRef = 08FD346D24ACAE13005EF0F0 /* AddBookTableViewController.swift */; };
/* End PBXBuildFile section */

/* Begin PBXFileReference section */
		086838B624AA606F00DD61CE /* BookShelf.app */ = {isa = PBXFileReference; explicitFileType = wrapper.application; includeInIndex = 0; path = BookShelf.app; sourceTree = BUILT_PRODUCTS_DIR; };
		086838B924AA606F00DD61CE /* AppDelegate.swift */ = {isa = PBXFileReference; lastKnownFileType = sourcecode.swift; path = AppDelegate.swift; sourceTree = "<group>"; };
		086838BB24AA606F00DD61CE /* SceneDelegate.swift */ = {isa = PBXFileReference; lastKnownFileType = sourcecode.swift; path = SceneDelegate.swift; sourceTree = "<group>"; };
		086838C024AA606F00DD61CE /* Base */ = {isa = PBXFileReference; lastKnownFileType = file.storyboard; name = Base; path = Base.lproj/Main.storyboard; sourceTree = "<group>"; };
		086838C324AA606F00DD61CE /* BookShelf.xcdatamodel */ = {isa = PBXFileReference; lastKnownFileType = wrapper.xcdatamodel; path = BookShelf.xcdatamodel; sourceTree = "<group>"; };
		086838C524AA607200DD61CE /* Assets.xcassets */ = {isa = PBXFileReference; lastKnownFileType = folder.assetcatalog; path = Assets.xcassets; sourceTree = "<group>"; };
		086838C824AA607200DD61CE /* Base */ = {isa = PBXFileReference; lastKnownFileType = file.storyboard; name = Base; path = Base.lproj/LaunchScreen.storyboard; sourceTree = "<group>"; };
		086838CA24AA607200DD61CE /* Info.plist */ = {isa = PBXFileReference; lastKnownFileType = text.plist.xml; path = Info.plist; sourceTree = "<group>"; };
		086838D024ABB05400DD61CE /* BooksTableViewController.swift */ = {isa = PBXFileReference; lastKnownFileType = sourcecode.swift; path = BooksTableViewController.swift; sourceTree = "<group>"; };
		08FD346224AC8B3E005EF0F0 /* Book.swift */ = {isa = PBXFileReference; lastKnownFileType = sourcecode.swift; path = Book.swift; sourceTree = "<group>"; };
		08FD346424AC9A86005EF0F0 /* BookTableViewCell.swift */ = {isa = PBXFileReference; lastKnownFileType = sourcecode.swift; path = BookTableViewCell.swift; sourceTree = "<group>"; };
		08FD346524AC9A86005EF0F0 /* BookTableViewCell.xib */ = {isa = PBXFileReference; lastKnownFileType = file.xib; path = BookTableViewCell.xib; sourceTree = "<group>"; };
		08FD346B24AC9FD9005EF0F0 /* DetailViewController.swift */ = {isa = PBXFileReference; lastKnownFileType = sourcecode.swift; name = DetailViewController.swift; path = BookShelf/Controller/DetailViewController.swift; sourceTree = SOURCE_ROOT; };
		08FD346D24ACAE13005EF0F0 /* AddBookTableViewController.swift */ = {isa = PBXFileReference; lastKnownFileType = sourcecode.swift; path = AddBookTableViewController.swift; sourceTree = "<group>"; };
/* End PBXFileReference section */

/* Begin PBXFrameworksBuildPhase section */
		086838B324AA606E00DD61CE /* Frameworks */ = {
			isa = PBXFrameworksBuildPhase;
			buildActionMask = 2147483647;
			files = (
			);
			runOnlyForDeploymentPostprocessing = 0;
		};
/* End PBXFrameworksBuildPhase section */

/* Begin PBXGroup section */
		086838AD24AA606E00DD61CE = {
			isa = PBXGroup;
			children = (
				086838B824AA606F00DD61CE /* BookShelf */,
				086838B724AA606F00DD61CE /* Products */,
			);
			sourceTree = "<group>";
		};
		086838B724AA606F00DD61CE /* Products */ = {
			isa = PBXGroup;
			children = (
				086838B624AA606F00DD61CE /* BookShelf.app */,
			);
			name = Products;
			sourceTree = "<group>";
		};
		086838B824AA606F00DD61CE /* BookShelf */ = {
			isa = PBXGroup;
			children = (
				086838B924AA606F00DD61CE /* AppDelegate.swift */,
				08FD346A24AC9AB7005EF0F0 /* Controller */,
				086838BB24AA606F00DD61CE /* SceneDelegate.swift */,
				08FD346824AC9A95005EF0F0 /* View */,
				086838C524AA607200DD61CE /* Assets.xcassets */,
				086838CA24AA607200DD61CE /* Info.plist */,
				08FD346924AC9AA7005EF0F0 /* Model */,
			);
			path = BookShelf;
			sourceTree = "<group>";
		};
		08FD346824AC9A95005EF0F0 /* View */ = {
			isa = PBXGroup;
			children = (
				086838BF24AA606F00DD61CE /* Main.storyboard */,
				08FD346524AC9A86005EF0F0 /* BookTableViewCell.xib */,
				086838C724AA607200DD61CE /* LaunchScreen.storyboard */,
			);
			path = View;
			sourceTree = "<group>";
		};
		08FD346924AC9AA7005EF0F0 /* Model */ = {
			isa = PBXGroup;
			children = (
				086838C224AA606F00DD61CE /* BookShelf.xcdatamodeld */,
				08FD346224AC8B3E005EF0F0 /* Book.swift */,
			);
			path = Model;
			sourceTree = "<group>";
		};
		08FD346A24AC9AB7005EF0F0 /* Controller */ = {
			isa = PBXGroup;
			children = (
				086838D024ABB05400DD61CE /* BooksTableViewController.swift */,
				08FD346D24ACAE13005EF0F0 /* AddBookTableViewController.swift */,
				08FD346424AC9A86005EF0F0 /* BookTableViewCell.swift */,
				08FD346B24AC9FD9005EF0F0 /* DetailViewController.swift */,
			);
			path = Controller;
			sourceTree = "<group>";
		};
/* End PBXGroup section */

/* Begin PBXNativeTarget section */
		086838B524AA606E00DD61CE /* BookShelf */ = {
			isa = PBXNativeTarget;
			buildConfigurationList = 086838CD24AA607200DD61CE /* Build configuration list for PBXNativeTarget "BookShelf" */;
			buildPhases = (
				086838B224AA606E00DD61CE /* Sources */,
				086838B324AA606E00DD61CE /* Frameworks */,
				086838B424AA606E00DD61CE /* Resources */,
			);
			buildRules = (
			);
			dependencies = (
			);
			name = BookShelf;
			productName = BookShelf;
			productReference = 086838B624AA606F00DD61CE /* BookShelf.app */;
			productType = "com.apple.product-type.application";
		};
/* End PBXNativeTarget section */

/* Begin PBXProject section */
		086838AE24AA606E00DD61CE /* Project object */ = {
			isa = PBXProject;
			attributes = {
				LastSwiftUpdateCheck = 1150;
				LastUpgradeCheck = 1150;
				ORGANIZATIONNAME = aggami;
				TargetAttributes = {
					086838B524AA606E00DD61CE = {
						CreatedOnToolsVersion = 11.5;
					};
				};
			};
			buildConfigurationList = 086838B124AA606E00DD61CE /* Build configuration list for PBXProject "BookShelf" */;
			compatibilityVersion = "Xcode 9.3";
			developmentRegion = en;
			hasScannedForEncodings = 0;
			knownRegions = (
				en,
				Base,
			);
			mainGroup = 086838AD24AA606E00DD61CE;
			productRefGroup = 086838B724AA606F00DD61CE /* Products */;
			projectDirPath = "";
			projectRoot = "";
			targets = (
				086838B524AA606E00DD61CE /* BookShelf */,
			);
		};
/* End PBXProject section */

/* Begin PBXResourcesBuildPhase section */
		086838B424AA606E00DD61CE /* Resources */ = {
			isa = PBXResourcesBuildPhase;
			buildActionMask = 2147483647;
			files = (
				08FD346724AC9A86005EF0F0 /* BookTableViewCell.xib in Resources */,
				086838C924AA607200DD61CE /* LaunchScreen.storyboard in Resources */,
				086838C624AA607200DD61CE /* Assets.xcassets in Resources */,
				086838C124AA606F00DD61CE /* Main.storyboard in Resources */,
			);
			runOnlyForDeploymentPostprocessing = 0;
		};
/* End PBXResourcesBuildPhase section */

/* Begin PBXSourcesBuildPhase section */
		086838B224AA606E00DD61CE /* Sources */ = {
			isa = PBXSourcesBuildPhase;
			buildActionMask = 2147483647;
			files = (
				086838D124ABB05400DD61CE /* BooksTableViewController.swift in Sources */,
				08FD346E24ACAE13005EF0F0 /* AddBookTableViewController.swift in Sources */,
				08FD346324AC8B3E005EF0F0 /* Book.swift in Sources */,
				086838BA24AA606F00DD61CE /* AppDelegate.swift in Sources */,
				086838BC24AA606F00DD61CE /* SceneDelegate.swift in Sources */,
				08FD346624AC9A86005EF0F0 /* BookTableViewCell.swift in Sources */,
				086838C424AA606F00DD61CE /* BookShelf.xcdatamodeld in Sources */,
				08FD346C24AC9FD9005EF0F0 /* DetailViewController.swift in Sources */,
			);
			runOnlyForDeploymentPostprocessing = 0;
		};
/* End PBXSourcesBuildPhase section */

/* Begin PBXVariantGroup section */
		086838BF24AA606F00DD61CE /* Main.storyboard */ = {
			isa = PBXVariantGroup;
			children = (
				086838C024AA606F00DD61CE /* Base */,
			);
			name = Main.storyboard;
			sourceTree = "<group>";
		};
		086838C724AA607200DD61CE /* LaunchScreen.storyboard */ = {
			isa = PBXVariantGroup;
			children = (
				086838C824AA607200DD61CE /* Base */,
			);
			name = LaunchScreen.storyboard;
			sourceTree = "<group>";
		};
/* End PBXVariantGroup section */

/* Begin XCBuildConfiguration section */
		086838CB24AA607200DD61CE /* Debug */ = {
			isa = XCBuildConfiguration;
			buildSettings = {
				ALWAYS_SEARCH_USER_PATHS = NO;
				CLANG_ANALYZER_NONNULL = YES;
				CLANG_ANALYZER_NUMBER_OBJECT_CONVERSION = YES_AGGRESSIVE;
				CLANG_CXX_LANGUAGE_STANDARD = "gnu++14";
				CLANG_CXX_LIBRARY = "libc++";
				CLANG_ENABLE_MODULES = YES;
				CLANG_ENABLE_OBJC_ARC = YES;
				CLANG_ENABLE_OBJC_WEAK = YES;
				CLANG_WARN_BLOCK_CAPTURE_AUTORELEASING = YES;
				CLANG_WARN_BOOL_CONVERSION = YES;
				CLANG_WARN_COMMA = YES;
				CLANG_WARN_CONSTANT_CONVERSION = YES;
				CLANG_WARN_DEPRECATED_OBJC_IMPLEMENTATIONS = YES;
				CLANG_WARN_DIRECT_OBJC_ISA_USAGE = YES_ERROR;
				CLANG_WARN_DOCUMENTATION_COMMENTS = YES;
				CLANG_WARN_EMPTY_BODY = YES;
				CLANG_WARN_ENUM_CONVERSION = YES;
				CLANG_WARN_INFINITE_RECURSION = YES;
				CLANG_WARN_INT_CONVERSION = YES;
				CLANG_WARN_NON_LITERAL_NULL_CONVERSION = YES;
				CLANG_WARN_OBJC_IMPLICIT_RETAIN_SELF = YES;
				CLANG_WARN_OBJC_LITERAL_CONVERSION = YES;
				CLANG_WARN_OBJC_ROOT_CLASS = YES_ERROR;
				CLANG_WARN_RANGE_LOOP_ANALYSIS = YES;
				CLANG_WARN_STRICT_PROTOTYPES = YES;
				CLANG_WARN_SUSPICIOUS_MOVE = YES;
				CLANG_WARN_UNGUARDED_AVAILABILITY = YES_AGGRESSIVE;
				CLANG_WARN_UNREACHABLE_CODE = YES;
				CLANG_WARN__DUPLICATE_METHOD_MATCH = YES;
				COPY_PHASE_STRIP = NO;
				DEBUG_INFORMATION_FORMAT = dwarf;
				ENABLE_STRICT_OBJC_MSGSEND = YES;
				ENABLE_TESTABILITY = YES;
				GCC_C_LANGUAGE_STANDARD = gnu11;
				GCC_DYNAMIC_NO_PIC = NO;
				GCC_NO_COMMON_BLOCKS = YES;
				GCC_OPTIMIZATION_LEVEL = 0;
				GCC_PREPROCESSOR_DEFINITIONS = (
					"DEBUG=1",
					"$(inherited)",
				);
				GCC_WARN_64_TO_32_BIT_CONVERSION = YES;
				GCC_WARN_ABOUT_RETURN_TYPE = YES_ERROR;
				GCC_WARN_UNDECLARED_SELECTOR = YES;
				GCC_WARN_UNINITIALIZED_AUTOS = YES_AGGRESSIVE;
				GCC_WARN_UNUSED_FUNCTION = YES;
				GCC_WARN_UNUSED_VARIABLE = YES;
				IPHONEOS_DEPLOYMENT_TARGET = 13.5;
				MTL_ENABLE_DEBUG_INFO = INCLUDE_SOURCE;
				MTL_FAST_MATH = YES;
				ONLY_ACTIVE_ARCH = YES;
				SDKROOT = iphoneos;
				SWIFT_ACTIVE_COMPILATION_CONDITIONS = DEBUG;
				SWIFT_OPTIMIZATION_LEVEL = "-Onone";
			};
			name = Debug;
		};
		086838CC24AA607200DD61CE /* Release */ = {
			isa = XCBuildConfiguration;
			buildSettings = {
				ALWAYS_SEARCH_USER_PATHS = NO;
				CLANG_ANALYZER_NONNULL = YES;
				CLANG_ANALYZER_NUMBER_OBJECT_CONVERSION = YES_AGGRESSIVE;
				CLANG_CXX_LANGUAGE_STANDARD = "gnu++14";
				CLANG_CXX_LIBRARY = "libc++";
				CLANG_ENABLE_MODULES = YES;
				CLANG_ENABLE_OBJC_ARC = YES;
				CLANG_ENABLE_OBJC_WEAK = YES;
				CLANG_WARN_BLOCK_CAPTURE_AUTORELEASING = YES;
				CLANG_WARN_BOOL_CONVERSION = YES;
				CLANG_WARN_COMMA = YES;
				CLANG_WARN_CONSTANT_CONVERSION = YES;
				CLANG_WARN_DEPRECATED_OBJC_IMPLEMENTATIONS = YES;
				CLANG_WARN_DIRECT_OBJC_ISA_USAGE = YES_ERROR;
				CLANG_WARN_DOCUMENTATION_COMMENTS = YES;
				CLANG_WARN_EMPTY_BODY = YES;
				CLANG_WARN_ENUM_CONVERSION = YES;
				CLANG_WARN_INFINITE_RECURSION = YES;
				CLANG_WARN_INT_CONVERSION = YES;
				CLANG_WARN_NON_LITERAL_NULL_CONVERSION = YES;
				CLANG_WARN_OBJC_IMPLICIT_RETAIN_SELF = YES;
				CLANG_WARN_OBJC_LITERAL_CONVERSION = YES;
				CLANG_WARN_OBJC_ROOT_CLASS = YES_ERROR;
				CLANG_WARN_RANGE_LOOP_ANALYSIS = YES;
				CLANG_WARN_STRICT_PROTOTYPES = YES;
				CLANG_WARN_SUSPICIOUS_MOVE = YES;
				CLANG_WARN_UNGUARDED_AVAILABILITY = YES_AGGRESSIVE;
				CLANG_WARN_UNREACHABLE_CODE = YES;
				CLANG_WARN__DUPLICATE_METHOD_MATCH = YES;
				COPY_PHASE_STRIP = NO;
				DEBUG_INFORMATION_FORMAT = "dwarf-with-dsym";
				ENABLE_NS_ASSERTIONS = NO;
				ENABLE_STRICT_OBJC_MSGSEND = YES;
				GCC_C_LANGUAGE_STANDARD = gnu11;
				GCC_NO_COMMON_BLOCKS = YES;
				GCC_WARN_64_TO_32_BIT_CONVERSION = YES;
				GCC_WARN_ABOUT_RETURN_TYPE = YES_ERROR;
				GCC_WARN_UNDECLARED_SELECTOR = YES;
				GCC_WARN_UNINITIALIZED_AUTOS = YES_AGGRESSIVE;
				GCC_WARN_UNUSED_FUNCTION = YES;
				GCC_WARN_UNUSED_VARIABLE = YES;
				IPHONEOS_DEPLOYMENT_TARGET = 13.5;
				MTL_ENABLE_DEBUG_INFO = NO;
				MTL_FAST_MATH = YES;
				SDKROOT = iphoneos;
				SWIFT_COMPILATION_MODE = wholemodule;
				SWIFT_OPTIMIZATION_LEVEL = "-O";
				VALIDATE_PRODUCT = YES;
			};
			name = Release;
		};
		086838CE24AA607200DD61CE /* Debug */ = {
			isa = XCBuildConfiguration;
			buildSettings = {
				ASSETCATALOG_COMPILER_APPICON_NAME = AppIcon;
				CODE_SIGN_STYLE = Automatic;
				DEVELOPMENT_TEAM = 378FAM5HRC;
				INFOPLIST_FILE = BookShelf/Info.plist;
				LD_RUNPATH_SEARCH_PATHS = (
					"$(inherited)",
					"@executable_path/Frameworks",
				);
				PRODUCT_BUNDLE_IDENTIFIER = Aggami.BookShelf;
				PRODUCT_NAME = "$(TARGET_NAME)";
				SWIFT_VERSION = 5.0;
				TARGETED_DEVICE_FAMILY = "1,2";
			};
			name = Debug;
		};
		086838CF24AA607200DD61CE /* Release */ = {
			isa = XCBuildConfiguration;
			buildSettings = {
				ASSETCATALOG_COMPILER_APPICON_NAME = AppIcon;
				CODE_SIGN_STYLE = Automatic;
				DEVELOPMENT_TEAM = 378FAM5HRC;
				INFOPLIST_FILE = BookShelf/Info.plist;
				LD_RUNPATH_SEARCH_PATHS = (
					"$(inherited)",
					"@executable_path/Frameworks",
				);
				PRODUCT_BUNDLE_IDENTIFIER = Aggami.BookShelf;
				PRODUCT_NAME = "$(TARGET_NAME)";
				SWIFT_VERSION = 5.0;
				TARGETED_DEVICE_FAMILY = "1,2";
			};
			name = Release;
		};
/* End XCBuildConfiguration section */

/* Begin XCConfigurationList section */
		086838B124AA606E00DD61CE /* Build configuration list for PBXProject "BookShelf" */ = {
			isa = XCConfigurationList;
			buildConfigurations = (
				086838CB24AA607200DD61CE /* Debug */,
				086838CC24AA607200DD61CE /* Release */,
			);
			defaultConfigurationIsVisible = 0;
			defaultConfigurationName = Release;
		};
		086838CD24AA607200DD61CE /* Build configuration list for PBXNativeTarget "BookShelf" */ = {
			isa = XCConfigurationList;
			buildConfigurations = (
				086838CE24AA607200DD61CE /* Debug */,
				086838CF24AA607200DD61CE /* Release */,
			);
			defaultConfigurationIsVisible = 0;
			defaultConfigurationName = Release;
		};
/* End XCConfigurationList section */

/* Begin XCVersionGroup section */
		086838C224AA606F00DD61CE /* BookShelf.xcdatamodeld */ = {
			isa = XCVersionGroup;
			children = (
				086838C324AA606F00DD61CE /* BookShelf.xcdatamodel */,
			);
			currentVersion = 086838C324AA606F00DD61CE /* BookShelf.xcdatamodel */;
			path = BookShelf.xcdatamodeld;
			sourceTree = "<group>";
			versionGroupType = wrapper.xcdatamodel;
		};
/* End XCVersionGroup section */
	};
	rootObject = 086838AE24AA606E00DD61CE /* Project object */;
}
